{
  "name": "hmuni- app",
  "lockfileVersion": 2,
  "requires": true,
  "packages": {
    "": {
      "dependencies": {
        "@dcloudio/uni-ui": "^1.4.6",
        "moment": "^2.29.1"
      }
    },
    "node_modules/@dcloudio/uni-ui": {
      "version": "1.4.6",
      "resolved": "https://registry.npmjs.org/@dcloudio/uni-ui/-/uni-ui-1.4.6.tgz",
      "integrity": "sha512-ZkMlEDaWy8BJHQ7f3hQLgcYbnUsjIFwyNBhdoy36gxWPZ6/HuI5r0xG7odmrdlx7iBSDN6iqsvkwAvpmbSxI8A=="
    },
    "node_modules/moment": {
      "version": "2.29.1",
      "resolved": "https://registry.npmjs.org/moment/-/moment-2.29.1.tgz",
      "integrity": "sha512-kHmoybcPV8Sqy59DwNDY3Jefr64lK/by/da0ViFcuA4DH0vQg5Q6Ze5VimxkfQNSC+Mls/Kx53s7TjP1RhFEDQ==",
      "engines": {
        "node": "*"
      }
    }
  },
  "dependencies": {
    "@dcloudio/uni-ui": {
      "version": "1.4.6",
      "resolved": "https://registry.npmjs.org/@dcloudio/uni-ui/-/uni-ui-1.4.6.tgz",
      "integrity": "sha512-ZkMlEDaWy8BJHQ7f3hQLgcYbnUsjIFwyNBhdoy36gxWPZ6/HuI5r0xG7odmrdlx7iBSDN6iqsvkwAvpmbSxI8A=="
    },
    "moment": {
      "version": "2.29.1",
      "resolved": "https://registry.npmjs.org/moment/-/moment-2.29.1.tgz",
      "integrity": "sha512-kHmoybcPV8Sqy59DwNDY3Jefr64lK/by/da0ViFcuA4DH0vQg5Q6Ze5VimxkfQNSC+Mls/Kx53s7TjP1RhFEDQ=="
    }
  }
}
